
Microsoft Visual Studio Solution File, Format Version 12.00
# Visual Studio Version 17
VisualStudioVersion = 17.4.33103.184
MinimumVisualStudioVersion = 10.0.40219.1
Project("{FAE04EC0-301F-11D3-BF4B-00C04F79EFBC}") = "DataGenerator", "DataGenerator\DataGenerator.csproj", "{75482871-D2B6-42ED-BABC-7D938F40141D}"
EndProject
Global
	GlobalSection(SolutionConfigurationPlatforms) = preSolution
		Debug|Any CPU = Debug|Any CPU
		Release|Any CPU = Release|Any CPU
	EndGlobalSection
	GlobalSection(ProjectConfigurationPlatforms) = postSolution
		{75482871-D2B6-42ED-BABC-7D938F40141D}.Debug|Any CPU.ActiveCfg = Debug|Any CPU
		{75482871-D2B6-42ED-BABC-7D938F40141D}.Debug|Any CPU.Build.0 = Debug|Any CPU
		{75482871-D2B6-42ED-BABC-7D938F40141D}.Release|Any CPU.ActiveCfg = Release|Any CPU
		{75482871-D2B6-42ED-BABC-7D938F40141D}.Release|Any CPU.Build.0 = Release|Any CPU
	EndGlobalSection
	GlobalSection(SolutionProperties) = preSolution
		HideSolutionNode = FALSE
	EndGlobalSection
	GlobalSection(ExtensibilityGlobals) = postSolution
		SolutionGuid = {45C1CB3B-DA7D-4CD5-A05C-51598B031DF5}
	EndGlobalSection
EndGlobal
